
Microsoft Visual Studio Solution File, Format Version 12.00
# Visual Studio Version 17
VisualStudioVersion = 17.9.34728.123
MinimumVisualStudioVersion = 10.0.40219.1
Project("{FAE04EC0-301F-11D3-BF4B-00C04F79EFBC}") = "Day2_Task3", "Day2_Task3\Day2_Task3.csproj", "{105A8AE2-3AB1-40EC-8259-26268477FE77}"
EndProject
Global
	GlobalSection(SolutionConfigurationPlatforms) = preSolution
		Debug|Any CPU = Debug|Any CPU
		Release|Any CPU = Release|Any CPU
	EndGlobalSection
	GlobalSection(ProjectConfigurationPlatforms) = postSolution
		{105A8AE2-3AB1-40EC-8259-26268477FE77}.Debug|Any CPU.ActiveCfg = Debug|Any CPU
		{105A8AE2-3AB1-40EC-8259-26268477FE77}.Debug|Any CPU.Build.0 = Debug|Any CPU
		{105A8AE2-3AB1-40EC-8259-26268477FE77}.Release|Any CPU.ActiveCfg = Release|Any CPU
		{105A8AE2-3AB1-40EC-8259-26268477FE77}.Release|Any CPU.Build.0 = Release|Any CPU
	EndGlobalSection
	GlobalSection(SolutionProperties) = preSolution
		HideSolutionNode = FALSE
	EndGlobalSection
	GlobalSection(ExtensibilityGlobals) = postSolution
		SolutionGuid = {97F45E59-5C54-419B-BF7C-6AF0127E1136}
	EndGlobalSection
EndGlobal
